{
  "name": "gestor-reportes-qa",
  "version": "1.1.0",
  "description": "Aplicación web para la gestión de reportes de QA con Node.js, Express y frontend responsivo.",
  "main": "server.js",
  "scripts": {
    "start": "node server.js",
    "dev": "nodemon server.js"
  },
  "keywords": [
    "QA",
    "reportes",
    "nodejs",
    "express",
    "excel",
    "frontend"
  ],
  "author": "Brayner",
  "license": "MIT",
  "dependencies": {
    "express": "^4.19.2",
    "xlsx": "^0.19.3"
  },
  "devDependencies": {
    "nodemon": "^3.1.0"
  },
  "engines": {
    "node": ">=16.x"
  }
}
